
Microsoft Visual Studio Solution File, Format Version 12.00
# Visual Studio 15
VisualStudioVersion = 15.0.27004.2010
MinimumVisualStudioVersion = 10.0.40219.1
Project("{9A19103F-16F7-4668-BE54-9A1E7A4F7556}") = "Unosquare.Labs.SshDeploy", "Unosquare.Labs.SshDeploy\Unosquare.Labs.SshDeploy.csproj", "{24BAC92F-A5E9-44EE-BD09-071B6ED9C189}"
EndProject
Project("{2150E333-8FDC-42A3-9474-1A3956D46DE8}") = "Solution Folder", "Solution Folder", "{E2C911E5-AE4D-48FA-BB43-CE8C6B12C393}"
	ProjectSection(SolutionItems) = preProject
		.gitignore = .gitignore
		.travis.yml = .travis.yml
		README.md = README.md
	EndProjectSection
EndProject
Global
	GlobalSection(SolutionConfigurationPlatforms) = preSolution
		Debug|Any CPU = Debug|Any CPU
		Release|Any CPU = Release|Any CPU
	EndGlobalSection
	GlobalSection(ProjectConfigurationPlatforms) = postSolution
		{24BAC92F-A5E9-44EE-BD09-071B6ED9C189}.Debug|Any CPU.ActiveCfg = Debug|Any CPU
		{24BAC92F-A5E9-44EE-BD09-071B6ED9C189}.Debug|Any CPU.Build.0 = Debug|Any CPU
		{24BAC92F-A5E9-44EE-BD09-071B6ED9C189}.Release|Any CPU.ActiveCfg = Release|Any CPU
		{24BAC92F-A5E9-44EE-BD09-071B6ED9C189}.Release|Any CPU.Build.0 = Release|Any CPU
	EndGlobalSection
	GlobalSection(SolutionProperties) = preSolution
		HideSolutionNode = FALSE
	EndGlobalSection
	GlobalSection(ExtensibilityGlobals) = postSolution
		SolutionGuid = {43A0E767-C8DA-447B-AF83-9578D6B96A3B}
	EndGlobalSection
EndGlobal
